
Microsoft Visual Studio Solution File, Format Version 12.00
# Visual Studio Version 17
VisualStudioVersion = 17.8.34601.278
MinimumVisualStudioVersion = 10.0.40219.1
Project("{FAE04EC0-301F-11D3-BF4B-00C04F79EFBC}") = "BlazorEcommerce.Server", "BlazorEcommerce\Server\BlazorEcommerce.Server.csproj", "{2C5EDEF3-B195-41B3-81E4-AB21BBDF3EDB}"
EndProject
Project("{FAE04EC0-301F-11D3-BF4B-00C04F79EFBC}") = "BlazorEcommerce.Client", "BlazorEcommerce\Client\BlazorEcommerce.Client.csproj", "{261E28E9-C78C-498D-9830-F580EFCE09A6}"
EndProject
Project("{FAE04EC0-301F-11D3-BF4B-00C04F79EFBC}") = "BlazorEcommerce.Shared", "BlazorEcommerce\Shared\BlazorEcommerce.Shared.csproj", "{F0067245-2FE6-48A7-887B-6F38C8FFA14F}"
EndProject
Global
	GlobalSection(SolutionConfigurationPlatforms) = preSolution
		Debug|Any CPU = Debug|Any CPU
		Release|Any CPU = Release|Any CPU
	EndGlobalSection
	GlobalSection(ProjectConfigurationPlatforms) = postSolution
		{2C5EDEF3-B195-41B3-81E4-AB21BBDF3EDB}.Debug|Any CPU.ActiveCfg = Debug|Any CPU
		{2C5EDEF3-B195-41B3-81E4-AB21BBDF3EDB}.Debug|Any CPU.Build.0 = Debug|Any CPU
		{2C5EDEF3-B195-41B3-81E4-AB21BBDF3EDB}.Release|Any CPU.ActiveCfg = Release|Any CPU
		{2C5EDEF3-B195-41B3-81E4-AB21BBDF3EDB}.Release|Any CPU.Build.0 = Release|Any CPU
		{261E28E9-C78C-498D-9830-F580EFCE09A6}.Debug|Any CPU.ActiveCfg = Debug|Any CPU
		{261E28E9-C78C-498D-9830-F580EFCE09A6}.Debug|Any CPU.Build.0 = Debug|Any CPU
		{261E28E9-C78C-498D-9830-F580EFCE09A6}.Release|Any CPU.ActiveCfg = Release|Any CPU
		{261E28E9-C78C-498D-9830-F580EFCE09A6}.Release|Any CPU.Build.0 = Release|Any CPU
		{F0067245-2FE6-48A7-887B-6F38C8FFA14F}.Debug|Any CPU.ActiveCfg = Debug|Any CPU
		{F0067245-2FE6-48A7-887B-6F38C8FFA14F}.Debug|Any CPU.Build.0 = Debug|Any CPU
		{F0067245-2FE6-48A7-887B-6F38C8FFA14F}.Release|Any CPU.ActiveCfg = Release|Any CPU
		{F0067245-2FE6-48A7-887B-6F38C8FFA14F}.Release|Any CPU.Build.0 = Release|Any CPU
	EndGlobalSection
	GlobalSection(SolutionProperties) = preSolution
		HideSolutionNode = FALSE
	EndGlobalSection
	GlobalSection(ExtensibilityGlobals) = postSolution
		SolutionGuid = {0936C319-45A4-42B6-93DB-B541A7AAEE8A}
	EndGlobalSection
EndGlobal
